
Microsoft Visual Studio Solution File, Format Version 12.00
# Visual Studio Version 16
VisualStudioVersion = 16.0.30011.22
MinimumVisualStudioVersion = 10.0.40219.1
Project("{9A19103F-16F7-4668-BE54-9A1E7A4F7556}") = "ECommerce.Web", "WebApplicationCore\ECommerce.Web.csproj", "{83B12446-A6DB-4D96-A5CA-3D9C6424BCFA}"
EndProject
Project("{2150E333-8FDC-42A3-9474-1A3956D46DE8}") = "Repository", "Repository", "{921CE7A6-839A-4D79-BB4C-C534F2D6635C}"
EndProject
Project("{2150E333-8FDC-42A3-9474-1A3956D46DE8}") = "Domain", "Domain", "{8C2AE55B-34EB-4FCB-9486-229C7834A2D5}"
EndProject
Project("{2150E333-8FDC-42A3-9474-1A3956D46DE8}") = "Infrastructure", "Infrastructure", "{82049033-B7A0-44C5-90DF-8027B3D4934B}"
EndProject
Project("{2150E333-8FDC-42A3-9474-1A3956D46DE8}") = "Service", "Service", "{492713D9-0985-421D-9BA7-72FB86098936}"
EndProject
Project("{FAE04EC0-301F-11D3-BF4B-00C04F79EFBC}") = "ECommerce.Domain.Entities", "ECommerce.Domain.Entities\ECommerce.Domain.Entities.csproj", "{B1293438-BE8D-4972-B348-834DED37F126}"
EndProject
Project("{FAE04EC0-301F-11D3-BF4B-00C04F79EFBC}") = "ECommerce.Domain.Logic.Implementations", "ECommerce.Domain.Logic\ECommerce.Domain.Logic.Implementations.csproj", "{756BB4AB-E284-4D73-9043-63897524821C}"
EndProject
Project("{FAE04EC0-301F-11D3-BF4B-00C04F79EFBC}") = "ECommerce.Domain.Logic.Interfaces", "ECommerce.Domain.Logic.Interface\ECommerce.Domain.Logic.Interfaces.csproj", "{D954337E-7C7C-4D28-AA11-CB25E55CE6E7}"
EndProject
Project("{FAE04EC0-301F-11D3-BF4B-00C04F79EFBC}") = "ECommerce.Repository.Implementations", "ECommerce.Repository.Implementations\ECommerce.Repository.Implementations.csproj", "{DCD74D14-35E0-4D8F-A4C8-CB43DAD3FBA0}"
EndProject
Project("{FAE04EC0-301F-11D3-BF4B-00C04F79EFBC}") = "ECommerce.Repository.Interfaces", "ECommerce.Repository.Interfaces\ECommerce.Repository.Interfaces.csproj", "{B1171AA7-AB09-4723-96D1-70BA7C5511E7}"
EndProject
Project("{2150E333-8FDC-42A3-9474-1A3956D46DE8}") = "Common", "Common", "{ED23EC33-DEA9-432C-B310-C1D6A4DD95D6}"
EndProject
Project("{2150E333-8FDC-42A3-9474-1A3956D46DE8}") = "Exceptions", "Exceptions", "{8A8AD838-8F05-45DD-B7DD-6F0BBFBCA4D2}"
EndProject
Project("{2150E333-8FDC-42A3-9474-1A3956D46DE8}") = "Logger", "Logger", "{C7FDBA14-A8D8-4C13-8627-E3A1AA5CC50D}"
EndProject
Project("{2150E333-8FDC-42A3-9474-1A3956D46DE8}") = "Email", "Email", "{97B615E3-EE3B-492D-91E5-6A02BB0F7088}"
EndProject
Global
	GlobalSection(SolutionConfigurationPlatforms) = preSolution
		Debug|Any CPU = Debug|Any CPU
		Release|Any CPU = Release|Any CPU
	EndGlobalSection
	GlobalSection(ProjectConfigurationPlatforms) = postSolution
		{83B12446-A6DB-4D96-A5CA-3D9C6424BCFA}.Debug|Any CPU.ActiveCfg = Debug|Any CPU
		{83B12446-A6DB-4D96-A5CA-3D9C6424BCFA}.Debug|Any CPU.Build.0 = Debug|Any CPU
		{83B12446-A6DB-4D96-A5CA-3D9C6424BCFA}.Release|Any CPU.ActiveCfg = Release|Any CPU
		{83B12446-A6DB-4D96-A5CA-3D9C6424BCFA}.Release|Any CPU.Build.0 = Release|Any CPU
		{B1293438-BE8D-4972-B348-834DED37F126}.Debug|Any CPU.ActiveCfg = Debug|Any CPU
		{B1293438-BE8D-4972-B348-834DED37F126}.Debug|Any CPU.Build.0 = Debug|Any CPU
		{B1293438-BE8D-4972-B348-834DED37F126}.Release|Any CPU.ActiveCfg = Release|Any CPU
		{B1293438-BE8D-4972-B348-834DED37F126}.Release|Any CPU.Build.0 = Release|Any CPU
		{756BB4AB-E284-4D73-9043-63897524821C}.Debug|Any CPU.ActiveCfg = Debug|Any CPU
		{756BB4AB-E284-4D73-9043-63897524821C}.Debug|Any CPU.Build.0 = Debug|Any CPU
		{756BB4AB-E284-4D73-9043-63897524821C}.Release|Any CPU.ActiveCfg = Release|Any CPU
		{756BB4AB-E284-4D73-9043-63897524821C}.Release|Any CPU.Build.0 = Release|Any CPU
		{D954337E-7C7C-4D28-AA11-CB25E55CE6E7}.Debug|Any CPU.ActiveCfg = Debug|Any CPU
		{D954337E-7C7C-4D28-AA11-CB25E55CE6E7}.Debug|Any CPU.Build.0 = Debug|Any CPU
		{D954337E-7C7C-4D28-AA11-CB25E55CE6E7}.Release|Any CPU.ActiveCfg = Release|Any CPU
		{D954337E-7C7C-4D28-AA11-CB25E55CE6E7}.Release|Any CPU.Build.0 = Release|Any CPU
		{DCD74D14-35E0-4D8F-A4C8-CB43DAD3FBA0}.Debug|Any CPU.ActiveCfg = Debug|Any CPU
		{DCD74D14-35E0-4D8F-A4C8-CB43DAD3FBA0}.Debug|Any CPU.Build.0 = Debug|Any CPU
		{DCD74D14-35E0-4D8F-A4C8-CB43DAD3FBA0}.Release|Any CPU.ActiveCfg = Release|Any CPU
		{DCD74D14-35E0-4D8F-A4C8-CB43DAD3FBA0}.Release|Any CPU.Build.0 = Release|Any CPU
		{B1171AA7-AB09-4723-96D1-70BA7C5511E7}.Debug|Any CPU.ActiveCfg = Debug|Any CPU
		{B1171AA7-AB09-4723-96D1-70BA7C5511E7}.Debug|Any CPU.Build.0 = Debug|Any CPU
		{B1171AA7-AB09-4723-96D1-70BA7C5511E7}.Release|Any CPU.ActiveCfg = Release|Any CPU
		{B1171AA7-AB09-4723-96D1-70BA7C5511E7}.Release|Any CPU.Build.0 = Release|Any CPU
	EndGlobalSection
	GlobalSection(SolutionProperties) = preSolution
		HideSolutionNode = FALSE
	EndGlobalSection
	GlobalSection(NestedProjects) = preSolution
		{83B12446-A6DB-4D96-A5CA-3D9C6424BCFA} = {492713D9-0985-421D-9BA7-72FB86098936}
		{B1293438-BE8D-4972-B348-834DED37F126} = {8C2AE55B-34EB-4FCB-9486-229C7834A2D5}
		{756BB4AB-E284-4D73-9043-63897524821C} = {8C2AE55B-34EB-4FCB-9486-229C7834A2D5}
		{D954337E-7C7C-4D28-AA11-CB25E55CE6E7} = {8C2AE55B-34EB-4FCB-9486-229C7834A2D5}
		{DCD74D14-35E0-4D8F-A4C8-CB43DAD3FBA0} = {921CE7A6-839A-4D79-BB4C-C534F2D6635C}
		{B1171AA7-AB09-4723-96D1-70BA7C5511E7} = {921CE7A6-839A-4D79-BB4C-C534F2D6635C}
		{ED23EC33-DEA9-432C-B310-C1D6A4DD95D6} = {82049033-B7A0-44C5-90DF-8027B3D4934B}
		{8A8AD838-8F05-45DD-B7DD-6F0BBFBCA4D2} = {82049033-B7A0-44C5-90DF-8027B3D4934B}
		{C7FDBA14-A8D8-4C13-8627-E3A1AA5CC50D} = {82049033-B7A0-44C5-90DF-8027B3D4934B}
		{97B615E3-EE3B-492D-91E5-6A02BB0F7088} = {82049033-B7A0-44C5-90DF-8027B3D4934B}
	EndGlobalSection
	GlobalSection(ExtensibilityGlobals) = postSolution
		SolutionGuid = {19000B30-89E7-40AB-8E3F-4AF7C1A492C0}
	EndGlobalSection
EndGlobal
